
Microsoft Visual Studio Solution File, Format Version 12.00
# Visual Studio Version 17
VisualStudioVersion = 17.7.34024.191
MinimumVisualStudioVersion = 10.0.40219.1
Project("{FAE04EC0-301F-11D3-BF4B-00C04F79EFBC}") = "ASPA001", "ASPA001\ASPA001.csproj", "{3B2E3EB6-C377-4210-BD89-BC30A8AE6B58}"
EndProject
Global
	GlobalSection(SolutionConfigurationPlatforms) = preSolution
		Debug|Any CPU = Debug|Any CPU
		Release|Any CPU = Release|Any CPU
	EndGlobalSection
	GlobalSection(ProjectConfigurationPlatforms) = postSolution
		{3B2E3EB6-C377-4210-BD89-BC30A8AE6B58}.Debug|Any CPU.ActiveCfg = Debug|Any CPU
		{3B2E3EB6-C377-4210-BD89-BC30A8AE6B58}.Debug|Any CPU.Build.0 = Debug|Any CPU
		{3B2E3EB6-C377-4210-BD89-BC30A8AE6B58}.Release|Any CPU.ActiveCfg = Release|Any CPU
		{3B2E3EB6-C377-4210-BD89-BC30A8AE6B58}.Release|Any CPU.Build.0 = Release|Any CPU
	EndGlobalSection
	GlobalSection(SolutionProperties) = preSolution
		HideSolutionNode = FALSE
	EndGlobalSection
	GlobalSection(ExtensibilityGlobals) = postSolution
		SolutionGuid = {08537F57-CC3B-4007-9DCF-5DDB874A21C0}
	EndGlobalSection
EndGlobal
