
Microsoft Visual Studio Solution File, Format Version 12.00
# Visual Studio Version 17
VisualStudioVersion = 17.7.34024.191
MinimumVisualStudioVersion = 10.0.40219.1
Project("{9A19103F-16F7-4668-BE54-9A1E7A4F7556}") = "DAL004", "DAL004\DAL004.csproj", "{8C09DC0F-CDD6-48E1-9289-61AE118EA8D1}"
EndProject
Project("{9A19103F-16F7-4668-BE54-9A1E7A4F7556}") = "Test_DAL004", "Test_DAL004\Test_DAL004.csproj", "{648A4F4C-28B7-44F2-A1A5-26CEF71F14D3}"
EndProject
Project("{FAE04EC0-301F-11D3-BF4B-00C04F79EFBC}") = "ASPA004_1", "ASPA004_1\ASPA004_1.csproj", "{7FC500F8-DF9C-4255-8ECA-EF0552B1A0EA}"
EndProject
Project("{FAE04EC0-301F-11D3-BF4B-00C04F79EFBC}") = "ASPA004_2", "ASPA004_2\ASPA004_2.csproj", "{0B4D9C02-9D57-4698-BFF6-9CC43F5B5401}"
EndProject
Project("{FAE04EC0-301F-11D3-BF4B-00C04F79EFBC}") = "ASPA004_3", "ASPA004_3\ASPA004_3.csproj", "{9EE6DA67-6311-4FEA-B88C-5D214937FB80}"
EndProject
Global
	GlobalSection(SolutionConfigurationPlatforms) = preSolution
		Debug|Any CPU = Debug|Any CPU
		Release|Any CPU = Release|Any CPU
	EndGlobalSection
	GlobalSection(ProjectConfigurationPlatforms) = postSolution
		{8C09DC0F-CDD6-48E1-9289-61AE118EA8D1}.Debug|Any CPU.ActiveCfg = Debug|Any CPU
		{8C09DC0F-CDD6-48E1-9289-61AE118EA8D1}.Debug|Any CPU.Build.0 = Debug|Any CPU
		{8C09DC0F-CDD6-48E1-9289-61AE118EA8D1}.Release|Any CPU.ActiveCfg = Release|Any CPU
		{8C09DC0F-CDD6-48E1-9289-61AE118EA8D1}.Release|Any CPU.Build.0 = Release|Any CPU
		{648A4F4C-28B7-44F2-A1A5-26CEF71F14D3}.Debug|Any CPU.ActiveCfg = Debug|Any CPU
		{648A4F4C-28B7-44F2-A1A5-26CEF71F14D3}.Debug|Any CPU.Build.0 = Debug|Any CPU
		{648A4F4C-28B7-44F2-A1A5-26CEF71F14D3}.Release|Any CPU.ActiveCfg = Release|Any CPU
		{648A4F4C-28B7-44F2-A1A5-26CEF71F14D3}.Release|Any CPU.Build.0 = Release|Any CPU
		{7FC500F8-DF9C-4255-8ECA-EF0552B1A0EA}.Debug|Any CPU.ActiveCfg = Debug|Any CPU
		{7FC500F8-DF9C-4255-8ECA-EF0552B1A0EA}.Debug|Any CPU.Build.0 = Debug|Any CPU
		{7FC500F8-DF9C-4255-8ECA-EF0552B1A0EA}.Release|Any CPU.ActiveCfg = Release|Any CPU
		{7FC500F8-DF9C-4255-8ECA-EF0552B1A0EA}.Release|Any CPU.Build.0 = Release|Any CPU
		{0B4D9C02-9D57-4698-BFF6-9CC43F5B5401}.Debug|Any CPU.ActiveCfg = Debug|Any CPU
		{0B4D9C02-9D57-4698-BFF6-9CC43F5B5401}.Debug|Any CPU.Build.0 = Debug|Any CPU
		{0B4D9C02-9D57-4698-BFF6-9CC43F5B5401}.Release|Any CPU.ActiveCfg = Release|Any CPU
		{0B4D9C02-9D57-4698-BFF6-9CC43F5B5401}.Release|Any CPU.Build.0 = Release|Any CPU
		{9EE6DA67-6311-4FEA-B88C-5D214937FB80}.Debug|Any CPU.ActiveCfg = Debug|Any CPU
		{9EE6DA67-6311-4FEA-B88C-5D214937FB80}.Debug|Any CPU.Build.0 = Debug|Any CPU
		{9EE6DA67-6311-4FEA-B88C-5D214937FB80}.Release|Any CPU.ActiveCfg = Release|Any CPU
		{9EE6DA67-6311-4FEA-B88C-5D214937FB80}.Release|Any CPU.Build.0 = Release|Any CPU
	EndGlobalSection
	GlobalSection(SolutionProperties) = preSolution
		HideSolutionNode = FALSE
	EndGlobalSection
	GlobalSection(ExtensibilityGlobals) = postSolution
		SolutionGuid = {FB211FEA-EE41-40AE-B086-01AB3216BA9F}
	EndGlobalSection
EndGlobal
