
Microsoft Visual Studio Solution File, Format Version 12.00
# Visual Studio Version 17
VisualStudioVersion = 17.7.34024.191
MinimumVisualStudioVersion = 10.0.40219.1
Project("{FAE04EC0-301F-11D3-BF4B-00C04F79EFBC}") = "lab_10", "lab_10\lab_10.csproj", "{0835EFB0-40F5-4C81-9779-119EC122905C}"
EndProject
Global
	GlobalSection(SolutionConfigurationPlatforms) = preSolution
		Debug|Any CPU = Debug|Any CPU
		Release|Any CPU = Release|Any CPU
	EndGlobalSection
	GlobalSection(ProjectConfigurationPlatforms) = postSolution
		{0835EFB0-40F5-4C81-9779-119EC122905C}.Debug|Any CPU.ActiveCfg = Debug|Any CPU
		{0835EFB0-40F5-4C81-9779-119EC122905C}.Debug|Any CPU.Build.0 = Debug|Any CPU
		{0835EFB0-40F5-4C81-9779-119EC122905C}.Release|Any CPU.ActiveCfg = Release|Any CPU
		{0835EFB0-40F5-4C81-9779-119EC122905C}.Release|Any CPU.Build.0 = Release|Any CPU
	EndGlobalSection
	GlobalSection(SolutionProperties) = preSolution
		HideSolutionNode = FALSE
	EndGlobalSection
	GlobalSection(ExtensibilityGlobals) = postSolution
		SolutionGuid = {308D8F89-93F7-4DFE-BCC9-DAFD6C086F12}
	EndGlobalSection
EndGlobal
