
Microsoft Visual Studio Solution File, Format Version 12.00
# Visual Studio Version 17
VisualStudioVersion = 17.7.34024.191
MinimumVisualStudioVersion = 10.0.40219.1
Project("{8BC9CEB8-8B4A-11D0-8D11-00A0C91BC942}") = "SE_lab15", "SE_lab15\SE_lab15.vcxproj", "{D086B143-93FA-411F-BEF4-BBD426138840}"
EndProject
Global
	GlobalSection(SolutionConfigurationPlatforms) = preSolution
		Debug|x64 = Debug|x64
		Debug|x86 = Debug|x86
		Release|x64 = Release|x64
		Release|x86 = Release|x86
	EndGlobalSection
	GlobalSection(ProjectConfigurationPlatforms) = postSolution
		{D086B143-93FA-411F-BEF4-BBD426138840}.Debug|x64.ActiveCfg = Debug|x64
		{D086B143-93FA-411F-BEF4-BBD426138840}.Debug|x64.Build.0 = Debug|x64
		{D086B143-93FA-411F-BEF4-BBD426138840}.Debug|x86.ActiveCfg = Debug|Win32
		{D086B143-93FA-411F-BEF4-BBD426138840}.Debug|x86.Build.0 = Debug|Win32
		{D086B143-93FA-411F-BEF4-BBD426138840}.Release|x64.ActiveCfg = Release|x64
		{D086B143-93FA-411F-BEF4-BBD426138840}.Release|x64.Build.0 = Release|x64
		{D086B143-93FA-411F-BEF4-BBD426138840}.Release|x86.ActiveCfg = Release|Win32
		{D086B143-93FA-411F-BEF4-BBD426138840}.Release|x86.Build.0 = Release|Win32
	EndGlobalSection
	GlobalSection(SolutionProperties) = preSolution
		HideSolutionNode = FALSE
	EndGlobalSection
	GlobalSection(ExtensibilityGlobals) = postSolution
		SolutionGuid = {40979967-CEF8-49A8-BB69-1B0743D5C002}
	EndGlobalSection
EndGlobal
