
Microsoft Visual Studio Solution File, Format Version 12.00
# Visual Studio Version 17
VisualStudioVersion = 17.7.34024.191
MinimumVisualStudioVersion = 10.0.40219.1
Project("{FAE04EC0-301F-11D3-BF4B-00C04F79EFBC}") = "lab_3", "lab_3\lab_3.csproj", "{20FEB4F2-041B-43E9-B11F-C50FCA9A0F41}"
EndProject
Global
	GlobalSection(SolutionConfigurationPlatforms) = preSolution
		Debug|Any CPU = Debug|Any CPU
		Release|Any CPU = Release|Any CPU
	EndGlobalSection
	GlobalSection(ProjectConfigurationPlatforms) = postSolution
		{20FEB4F2-041B-43E9-B11F-C50FCA9A0F41}.Debug|Any CPU.ActiveCfg = Debug|Any CPU
		{20FEB4F2-041B-43E9-B11F-C50FCA9A0F41}.Debug|Any CPU.Build.0 = Debug|Any CPU
		{20FEB4F2-041B-43E9-B11F-C50FCA9A0F41}.Release|Any CPU.ActiveCfg = Release|Any CPU
		{20FEB4F2-041B-43E9-B11F-C50FCA9A0F41}.Release|Any CPU.Build.0 = Release|Any CPU
	EndGlobalSection
	GlobalSection(SolutionProperties) = preSolution
		HideSolutionNode = FALSE
	EndGlobalSection
	GlobalSection(ExtensibilityGlobals) = postSolution
		SolutionGuid = {54722A36-B975-4927-A6CE-C504B4F8DD77}
	EndGlobalSection
EndGlobal
