
Microsoft Visual Studio Solution File, Format Version 12.00
# Visual Studio Version 17
VisualStudioVersion = 17.7.34024.191
MinimumVisualStudioVersion = 10.0.40219.1
Project("{FAE04EC0-301F-11D3-BF4B-00C04F79EFBC}") = "lab_15", "lab_15\lab_15.csproj", "{AB486E37-12FE-4815-9993-81A9EF8BF118}"
EndProject
Global
	GlobalSection(SolutionConfigurationPlatforms) = preSolution
		Debug|Any CPU = Debug|Any CPU
		Release|Any CPU = Release|Any CPU
	EndGlobalSection
	GlobalSection(ProjectConfigurationPlatforms) = postSolution
		{AB486E37-12FE-4815-9993-81A9EF8BF118}.Debug|Any CPU.ActiveCfg = Debug|Any CPU
		{AB486E37-12FE-4815-9993-81A9EF8BF118}.Debug|Any CPU.Build.0 = Debug|Any CPU
		{AB486E37-12FE-4815-9993-81A9EF8BF118}.Release|Any CPU.ActiveCfg = Release|Any CPU
		{AB486E37-12FE-4815-9993-81A9EF8BF118}.Release|Any CPU.Build.0 = Release|Any CPU
	EndGlobalSection
	GlobalSection(SolutionProperties) = preSolution
		HideSolutionNode = FALSE
	EndGlobalSection
	GlobalSection(ExtensibilityGlobals) = postSolution
		SolutionGuid = {9FBE76BD-0F78-477F-B172-2D425C1B2B75}
	EndGlobalSection
EndGlobal
